
Microsoft Visual Studio Solution File, Format Version 12.00
# Visual Studio Version 17
VisualStudioVersion = 17.9.34701.34
MinimumVisualStudioVersion = 10.0.40219.1
Project("{FAE04EC0-301F-11D3-BF4B-00C04F79EFBC}") = "WebApi1", "WebApi1\WebApi1.csproj", "{98DF41D7-7BE4-4858-AC80-3E5DD47DE691}"
EndProject
Global
	GlobalSection(SolutionConfigurationPlatforms) = preSolution
		Debug|Any CPU = Debug|Any CPU
		Release|Any CPU = Release|Any CPU
	EndGlobalSection
	GlobalSection(ProjectConfigurationPlatforms) = postSolution
		{98DF41D7-7BE4-4858-AC80-3E5DD47DE691}.Debug|Any CPU.ActiveCfg = Debug|Any CPU
		{98DF41D7-7BE4-4858-AC80-3E5DD47DE691}.Debug|Any CPU.Build.0 = Debug|Any CPU
		{98DF41D7-7BE4-4858-AC80-3E5DD47DE691}.Release|Any CPU.ActiveCfg = Release|Any CPU
		{98DF41D7-7BE4-4858-AC80-3E5DD47DE691}.Release|Any CPU.Build.0 = Release|Any CPU
	EndGlobalSection
	GlobalSection(SolutionProperties) = preSolution
		HideSolutionNode = FALSE
	EndGlobalSection
	GlobalSection(ExtensibilityGlobals) = postSolution
		SolutionGuid = {3C469675-E8BE-4403-B350-43564EA14D11}
	EndGlobalSection
EndGlobal
